
Microsoft Visual Studio Solution File, Format Version 12.00
# Visual Studio Version 16
VisualStudioVersion = 16.0.29911.84
MinimumVisualStudioVersion = 10.0.40219.1
Project("{FAE04EC0-301F-11D3-BF4B-00C04F79EFBC}") = "VimeoAlbum", "VimeoAlbum\VimeoAlbum.csproj", "{D9505B2C-001F-4376-A6BF-FECEE540BABC}"
EndProject
Project("{9A19103F-16F7-4668-BE54-9A1E7A4F7556}") = "VimeoDotNet", "vimeo-dot-net\src\VimeoDotNet\VimeoDotNet.csproj", "{7A9A5894-31AA-424F-9498-C50B0643477C}"
EndProject
Global
	GlobalSection(SolutionConfigurationPlatforms) = preSolution
		Debug|Any CPU = Debug|Any CPU
		Release|Any CPU = Release|Any CPU
	EndGlobalSection
	GlobalSection(ProjectConfigurationPlatforms) = postSolution
		{D9505B2C-001F-4376-A6BF-FECEE540BABC}.Debug|Any CPU.ActiveCfg = Debug|Any CPU
		{D9505B2C-001F-4376-A6BF-FECEE540BABC}.Debug|Any CPU.Build.0 = Debug|Any CPU
		{D9505B2C-001F-4376-A6BF-FECEE540BABC}.Release|Any CPU.ActiveCfg = Release|Any CPU
		{D9505B2C-001F-4376-A6BF-FECEE540BABC}.Release|Any CPU.Build.0 = Release|Any CPU
		{7A9A5894-31AA-424F-9498-C50B0643477C}.Debug|Any CPU.ActiveCfg = Debug|Any CPU
		{7A9A5894-31AA-424F-9498-C50B0643477C}.Debug|Any CPU.Build.0 = Debug|Any CPU
		{7A9A5894-31AA-424F-9498-C50B0643477C}.Release|Any CPU.ActiveCfg = Release|Any CPU
		{7A9A5894-31AA-424F-9498-C50B0643477C}.Release|Any CPU.Build.0 = Release|Any CPU
	EndGlobalSection
	GlobalSection(SolutionProperties) = preSolution
		HideSolutionNode = FALSE
	EndGlobalSection
	GlobalSection(ExtensibilityGlobals) = postSolution
		SolutionGuid = {4E31543E-BA4D-4ABB-B044-572771DC0CBA}
	EndGlobalSection
EndGlobal
